
Microsoft Visual Studio Solution File, Format Version 11.00
# Visual Studio 2010
Project("{FAE04EC0-301F-11D3-BF4B-00C04F79EFBC}") = "UnityEngine.TestRunner", "UnityEngine.TestRunner.csproj", "{37f625b3-1d96-b7dd-ac36-56cebf07b8bd}"
EndProject
Project("{FAE04EC0-301F-11D3-BF4B-00C04F79EFBC}") = "UnityEngine.UI", "UnityEngine.UI.csproj", "{e0f51646-8407-a9f2-60f3-1694c4431d30}"
EndProject
Project("{FAE04EC0-301F-11D3-BF4B-00C04F79EFBC}") = "Unity.VisualScripting.Flow", "Unity.VisualScripting.Flow.csproj", "{2eb3bce5-d4b3-9357-777a-010d25ea61f8}"
EndProject
Project("{FAE04EC0-301F-11D3-BF4B-00C04F79EFBC}") = "Unity.VisualScripting.State", "Unity.VisualScripting.State.csproj", "{d07ce30c-3cfd-ccb5-224d-6d939f3d4cc5}"
EndProject
Project("{FAE04EC0-301F-11D3-BF4B-00C04F79EFBC}") = "Unity.VisualScripting.Core", "Unity.VisualScripting.Core.csproj", "{889ec336-00e9-936a-a842-d9faacc0d118}"
EndProject
Project("{FAE04EC0-301F-11D3-BF4B-00C04F79EFBC}") = "Unity.TextMeshPro", "Unity.TextMeshPro.csproj", "{beb714f5-8073-1d3b-421e-5b206ce3372e}"
EndProject
Project("{FAE04EC0-301F-11D3-BF4B-00C04F79EFBC}") = "Unity.Timeline", "Unity.Timeline.csproj", "{649ee8fa-788c-42d1-9d93-97a10f968e36}"
EndProject
Project("{FAE04EC0-301F-11D3-BF4B-00C04F79EFBC}") = "Assembly-CSharp", "Assembly-CSharp.csproj", "{52433fff-941c-274e-2382-5c7a38c6e865}"
EndProject
Project("{FAE04EC0-301F-11D3-BF4B-00C04F79EFBC}") = "Unity.PlasticSCM.Editor", "Unity.PlasticSCM.Editor.csproj", "{aea083e7-a872-bd4a-58b6-2ab99f2f0b4a}"
EndProject
Project("{FAE04EC0-301F-11D3-BF4B-00C04F79EFBC}") = "Unity.VisualScripting.Core.Editor", "Unity.VisualScripting.Core.Editor.csproj", "{e0abc39f-c653-6169-a8a6-859f1334a4e7}"
EndProject
Project("{FAE04EC0-301F-11D3-BF4B-00C04F79EFBC}") = "Unity.VisualScripting.Flow.Editor", "Unity.VisualScripting.Flow.Editor.csproj", "{30af18c3-1fbe-c263-efb0-0ff6a7a69a28}"
EndProject
Project("{FAE04EC0-301F-11D3-BF4B-00C04F79EFBC}") = "Unity.VisualStudio.Editor", "Unity.VisualStudio.Editor.csproj", "{cc08f8ce-02e6-edbd-54d7-fbea0a2b4b3b}"
EndProject
Project("{FAE04EC0-301F-11D3-BF4B-00C04F79EFBC}") = "Unity.Timeline.Editor", "Unity.Timeline.Editor.csproj", "{378dd579-6a94-6600-b959-90d56e7fcef0}"
EndProject
Project("{FAE04EC0-301F-11D3-BF4B-00C04F79EFBC}") = "Unity.VisualScripting.State.Editor", "Unity.VisualScripting.State.Editor.csproj", "{706ad73f-a7bd-40c8-cb7e-7fec7c0e76e9}"
EndProject
Project("{FAE04EC0-301F-11D3-BF4B-00C04F79EFBC}") = "Unity.TextMeshPro.Editor", "Unity.TextMeshPro.Editor.csproj", "{e195ab14-431d-7793-a2de-5087e2d7abec}"
EndProject
Project("{FAE04EC0-301F-11D3-BF4B-00C04F79EFBC}") = "Unity.VisualScripting.SettingsProvider.Editor", "Unity.VisualScripting.SettingsProvider.Editor.csproj", "{2e7415d1-e302-32fc-2a34-65fe4465132d}"
EndProject
Project("{FAE04EC0-301F-11D3-BF4B-00C04F79EFBC}") = "UnityEditor.TestRunner", "UnityEditor.TestRunner.csproj", "{74b9e3e2-9458-f851-b6c0-e96e86560ce6}"
EndProject
Project("{FAE04EC0-301F-11D3-BF4B-00C04F79EFBC}") = "Unity.TestTools.CodeCoverage.Editor", "Unity.TestTools.CodeCoverage.Editor.csproj", "{e2947f44-d745-4282-05cd-8a30e575d091}"
EndProject
Project("{FAE04EC0-301F-11D3-BF4B-00C04F79EFBC}") = "Unity.Rider.Editor", "Unity.Rider.Editor.csproj", "{e53c289c-0d82-fcc1-a301-440b44e320e4}"
EndProject
Project("{FAE04EC0-301F-11D3-BF4B-00C04F79EFBC}") = "Unity.Performance.Profile-Analyzer.Editor", "Unity.Performance.Profile-Analyzer.Editor.csproj", "{cc98850f-5d57-6cf2-010c-cb2334bf65b6}"
EndProject
Project("{FAE04EC0-301F-11D3-BF4B-00C04F79EFBC}") = "Unity.VSCode.Editor", "Unity.VSCode.Editor.csproj", "{013f7883-60b8-13b0-249d-b2a50bc6f552}"
EndProject
Project("{FAE04EC0-301F-11D3-BF4B-00C04F79EFBC}") = "UnityEditor.UI", "UnityEditor.UI.csproj", "{1cddc6a4-d1e9-d847-6c7f-43c4aa55253e}"
EndProject
Project("{FAE04EC0-301F-11D3-BF4B-00C04F79EFBC}") = "Unity.TestTools.CodeCoverage.Editor.OpenCover.Model", "Unity.TestTools.CodeCoverage.Editor.OpenCover.Model.csproj", "{1c9b2625-b5e9-c2bf-107d-7ae884360f7a}"
EndProject
Project("{FAE04EC0-301F-11D3-BF4B-00C04F79EFBC}") = "Unity.EditorCoroutines.Editor", "Unity.EditorCoroutines.Editor.csproj", "{d0d6408b-29c6-a95a-02a2-e637176044a1}"
EndProject
Project("{FAE04EC0-301F-11D3-BF4B-00C04F79EFBC}") = "Unity.Settings.Editor", "Unity.Settings.Editor.csproj", "{b3268655-7ff9-8cd3-1294-f4198027d4fb}"
EndProject
Project("{FAE04EC0-301F-11D3-BF4B-00C04F79EFBC}") = "Unity.CollabProxy.Editor", "Unity.CollabProxy.Editor.csproj", "{d81dd88b-1735-d4a2-69e2-de0b5c929ae5}"
EndProject
Project("{FAE04EC0-301F-11D3-BF4B-00C04F79EFBC}") = "Unity.TestTools.CodeCoverage.Editor.OpenCover.Mono.Reflection", "Unity.TestTools.CodeCoverage.Editor.OpenCover.Mono.Reflection.csproj", "{7977685a-2eaa-49b5-b307-621bb524598b}"
EndProject
Project("{FAE04EC0-301F-11D3-BF4B-00C04F79EFBC}") = "Unity.VisualScripting.Shared.Editor", "Unity.VisualScripting.Shared.Editor.csproj", "{c4192462-ae60-eee4-6e27-42b12ae3b668}"
EndProject
Project("{FAE04EC0-301F-11D3-BF4B-00C04F79EFBC}") = "UnityEngine.TestRunner", "UnityEngine.TestRunner.Player.csproj", "{d8525ec3-2202-4495-a184-7d462d361c68}"
EndProject
Project("{FAE04EC0-301F-11D3-BF4B-00C04F79EFBC}") = "UnityEngine.UI", "UnityEngine.UI.Player.csproj", "{515395a4-70f2-daeb-cfd7-6e9765a2326b}"
EndProject
Project("{FAE04EC0-301F-11D3-BF4B-00C04F79EFBC}") = "Unity.VisualScripting.Flow", "Unity.VisualScripting.Flow.Player.csproj", "{99b115af-dff2-bc28-fa80-1c16b3214c86}"
EndProject
Project("{FAE04EC0-301F-11D3-BF4B-00C04F79EFBC}") = "Unity.VisualScripting.State", "Unity.VisualScripting.State.Player.csproj", "{7350273d-361b-5680-bbe3-b0cee6e97ea5}"
EndProject
Project("{FAE04EC0-301F-11D3-BF4B-00C04F79EFBC}") = "Unity.VisualScripting.Core", "Unity.VisualScripting.Core.Player.csproj", "{d93b8fc8-915d-03f2-8f28-fdae4eaf1bf5}"
EndProject
Project("{FAE04EC0-301F-11D3-BF4B-00C04F79EFBC}") = "Unity.TextMeshPro", "Unity.TextMeshPro.Player.csproj", "{62cc1ba6-647a-6dca-b2f5-aa61561b4eef}"
EndProject
Project("{FAE04EC0-301F-11D3-BF4B-00C04F79EFBC}") = "Unity.Timeline", "Unity.Timeline.Player.csproj", "{573146c1-65ec-faa8-7a98-6dd523b261b0}"
EndProject
Project("{FAE04EC0-301F-11D3-BF4B-00C04F79EFBC}") = "Assembly-CSharp", "Assembly-CSharp.Player.csproj", "{381eb010-ef72-fd75-d326-f03be77f1148}"
EndProject
Project("{FAE04EC0-301F-11D3-BF4B-00C04F79EFBC}") = "UnityEngine.UI.Tests", "UnityEngine.UI.Tests.csproj", "{b1bee538-e7ba-e585-d930-a062a788768a}"
EndProject
Project("{FAE04EC0-301F-11D3-BF4B-00C04F79EFBC}") = "UnityEditor.UI.EditorTests", "UnityEditor.UI.EditorTests.csproj", "{082d10f1-65d9-1923-b821-a1b0b687e164}"
EndProject
Project("{FAE04EC0-301F-11D3-BF4B-00C04F79EFBC}") = "Unity.TextMeshPro.Tests", "Unity.TextMeshPro.Tests.csproj", "{196bbd8a-00e7-a50f-a64f-14ffd51f9c17}"
EndProject
Project("{FAE04EC0-301F-11D3-BF4B-00C04F79EFBC}") = "DocCodeExamples", "DocCodeExamples.csproj", "{07f63815-d55b-d225-e98f-a2ca25cca293}"
EndProject
Project("{FAE04EC0-301F-11D3-BF4B-00C04F79EFBC}") = "Unity.TestTools.CodeCoverage.Editor.Compatibility", "Unity.TestTools.CodeCoverage.Editor.Compatibility.csproj", "{bf95c013-d46a-429e-ff6a-d09f72e4362f}"
EndProject
Project("{FAE04EC0-301F-11D3-BF4B-00C04F79EFBC}") = "Unity.TextMeshPro.Editor.Tests", "Unity.TextMeshPro.Editor.Tests.csproj", "{0d969c18-c6eb-2fa7-eb51-4ed39cf1e676}"
EndProject
Project("{FAE04EC0-301F-11D3-BF4B-00C04F79EFBC}") = "Unity.Settings.Tests", "Unity.Settings.Tests.csproj", "{5d2890bb-fb99-bf26-9b56-2b65114d419c}"
EndProject
Project("{FAE04EC0-301F-11D3-BF4B-00C04F79EFBC}") = "Unity.Performance.Profile-Analyzer.EditorTests", "Unity.Performance.Profile-Analyzer.EditorTests.csproj", "{e21f7137-da3c-86be-678d-4fbc172bfd83}"
EndProject
Global
	GlobalSection(SolutionConfigurationPlatforms) = preSolution
		Debug|Any CPU = Debug|Any CPU
	EndGlobalSection
	GlobalSection(ProjectConfigurationPlatforms) = postSolution
		{37f625b3-1d96-b7dd-ac36-56cebf07b8bd}.Debug|Any CPU.ActiveCfg = Debug|Any CPU
		{37f625b3-1d96-b7dd-ac36-56cebf07b8bd}.Debug|Any CPU.Build.0 = Debug|Any CPU
		{e0f51646-8407-a9f2-60f3-1694c4431d30}.Debug|Any CPU.ActiveCfg = Debug|Any CPU
		{e0f51646-8407-a9f2-60f3-1694c4431d30}.Debug|Any CPU.Build.0 = Debug|Any CPU
		{2eb3bce5-d4b3-9357-777a-010d25ea61f8}.Debug|Any CPU.ActiveCfg = Debug|Any CPU
		{2eb3bce5-d4b3-9357-777a-010d25ea61f8}.Debug|Any CPU.Build.0 = Debug|Any CPU
		{d07ce30c-3cfd-ccb5-224d-6d939f3d4cc5}.Debug|Any CPU.ActiveCfg = Debug|Any CPU
		{d07ce30c-3cfd-ccb5-224d-6d939f3d4cc5}.Debug|Any CPU.Build.0 = Debug|Any CPU
		{889ec336-00e9-936a-a842-d9faacc0d118}.Debug|Any CPU.ActiveCfg = Debug|Any CPU
		{889ec336-00e9-936a-a842-d9faacc0d118}.Debug|Any CPU.Build.0 = Debug|Any CPU
		{beb714f5-8073-1d3b-421e-5b206ce3372e}.Debug|Any CPU.ActiveCfg = Debug|Any CPU
		{beb714f5-8073-1d3b-421e-5b206ce3372e}.Debug|Any CPU.Build.0 = Debug|Any CPU
		{649ee8fa-788c-42d1-9d93-97a10f968e36}.Debug|Any CPU.ActiveCfg = Debug|Any CPU
		{649ee8fa-788c-42d1-9d93-97a10f968e36}.Debug|Any CPU.Build.0 = Debug|Any CPU
		{52433fff-941c-274e-2382-5c7a38c6e865}.Debug|Any CPU.ActiveCfg = Debug|Any CPU
		{52433fff-941c-274e-2382-5c7a38c6e865}.Debug|Any CPU.Build.0 = Debug|Any CPU
		{aea083e7-a872-bd4a-58b6-2ab99f2f0b4a}.Debug|Any CPU.ActiveCfg = Debug|Any CPU
		{aea083e7-a872-bd4a-58b6-2ab99f2f0b4a}.Debug|Any CPU.Build.0 = Debug|Any CPU
		{e0abc39f-c653-6169-a8a6-859f1334a4e7}.Debug|Any CPU.ActiveCfg = Debug|Any CPU
		{e0abc39f-c653-6169-a8a6-859f1334a4e7}.Debug|Any CPU.Build.0 = Debug|Any CPU
		{30af18c3-1fbe-c263-efb0-0ff6a7a69a28}.Debug|Any CPU.ActiveCfg = Debug|Any CPU
		{30af18c3-1fbe-c263-efb0-0ff6a7a69a28}.Debug|Any CPU.Build.0 = Debug|Any CPU
		{cc08f8ce-02e6-edbd-54d7-fbea0a2b4b3b}.Debug|Any CPU.ActiveCfg = Debug|Any CPU
		{cc08f8ce-02e6-edbd-54d7-fbea0a2b4b3b}.Debug|Any CPU.Build.0 = Debug|Any CPU
		{378dd579-6a94-6600-b959-90d56e7fcef0}.Debug|Any CPU.ActiveCfg = Debug|Any CPU
		{378dd579-6a94-6600-b959-90d56e7fcef0}.Debug|Any CPU.Build.0 = Debug|Any CPU
		{706ad73f-a7bd-40c8-cb7e-7fec7c0e76e9}.Debug|Any CPU.ActiveCfg = Debug|Any CPU
		{706ad73f-a7bd-40c8-cb7e-7fec7c0e76e9}.Debug|Any CPU.Build.0 = Debug|Any CPU
		{e195ab14-431d-7793-a2de-5087e2d7abec}.Debug|Any CPU.ActiveCfg = Debug|Any CPU
		{e195ab14-431d-7793-a2de-5087e2d7abec}.Debug|Any CPU.Build.0 = Debug|Any CPU
		{2e7415d1-e302-32fc-2a34-65fe4465132d}.Debug|Any CPU.ActiveCfg = Debug|Any CPU
		{2e7415d1-e302-32fc-2a34-65fe4465132d}.Debug|Any CPU.Build.0 = Debug|Any CPU
		{74b9e3e2-9458-f851-b6c0-e96e86560ce6}.Debug|Any CPU.ActiveCfg = Debug|Any CPU
		{74b9e3e2-9458-f851-b6c0-e96e86560ce6}.Debug|Any CPU.Build.0 = Debug|Any CPU
		{e2947f44-d745-4282-05cd-8a30e575d091}.Debug|Any CPU.ActiveCfg = Debug|Any CPU
		{e2947f44-d745-4282-05cd-8a30e575d091}.Debug|Any CPU.Build.0 = Debug|Any CPU
		{e53c289c-0d82-fcc1-a301-440b44e320e4}.Debug|Any CPU.ActiveCfg = Debug|Any CPU
		{e53c289c-0d82-fcc1-a301-440b44e320e4}.Debug|Any CPU.Build.0 = Debug|Any CPU
		{cc98850f-5d57-6cf2-010c-cb2334bf65b6}.Debug|Any CPU.ActiveCfg = Debug|Any CPU
		{cc98850f-5d57-6cf2-010c-cb2334bf65b6}.Debug|Any CPU.Build.0 = Debug|Any CPU
		{013f7883-60b8-13b0-249d-b2a50bc6f552}.Debug|Any CPU.ActiveCfg = Debug|Any CPU
		{013f7883-60b8-13b0-249d-b2a50bc6f552}.Debug|Any CPU.Build.0 = Debug|Any CPU
		{1cddc6a4-d1e9-d847-6c7f-43c4aa55253e}.Debug|Any CPU.ActiveCfg = Debug|Any CPU
		{1cddc6a4-d1e9-d847-6c7f-43c4aa55253e}.Debug|Any CPU.Build.0 = Debug|Any CPU
		{1c9b2625-b5e9-c2bf-107d-7ae884360f7a}.Debug|Any CPU.ActiveCfg = Debug|Any CPU
		{1c9b2625-b5e9-c2bf-107d-7ae884360f7a}.Debug|Any CPU.Build.0 = Debug|Any CPU
		{d0d6408b-29c6-a95a-02a2-e637176044a1}.Debug|Any CPU.ActiveCfg = Debug|Any CPU
		{d0d6408b-29c6-a95a-02a2-e637176044a1}.Debug|Any CPU.Build.0 = Debug|Any CPU
		{b3268655-7ff9-8cd3-1294-f4198027d4fb}.Debug|Any CPU.ActiveCfg = Debug|Any CPU
		{b3268655-7ff9-8cd3-1294-f4198027d4fb}.Debug|Any CPU.Build.0 = Debug|Any CPU
		{d81dd88b-1735-d4a2-69e2-de0b5c929ae5}.Debug|Any CPU.ActiveCfg = Debug|Any CPU
		{d81dd88b-1735-d4a2-69e2-de0b5c929ae5}.Debug|Any CPU.Build.0 = Debug|Any CPU
		{7977685a-2eaa-49b5-b307-621bb524598b}.Debug|Any CPU.ActiveCfg = Debug|Any CPU
		{7977685a-2eaa-49b5-b307-621bb524598b}.Debug|Any CPU.Build.0 = Debug|Any CPU
		{c4192462-ae60-eee4-6e27-42b12ae3b668}.Debug|Any CPU.ActiveCfg = Debug|Any CPU
		{c4192462-ae60-eee4-6e27-42b12ae3b668}.Debug|Any CPU.Build.0 = Debug|Any CPU
		{d8525ec3-2202-4495-a184-7d462d361c68}.Debug|Any CPU.ActiveCfg = Debug|Any CPU
		{d8525ec3-2202-4495-a184-7d462d361c68}.Debug|Any CPU.Build.0 = Debug|Any CPU
		{515395a4-70f2-daeb-cfd7-6e9765a2326b}.Debug|Any CPU.ActiveCfg = Debug|Any CPU
		{515395a4-70f2-daeb-cfd7-6e9765a2326b}.Debug|Any CPU.Build.0 = Debug|Any CPU
		{99b115af-dff2-bc28-fa80-1c16b3214c86}.Debug|Any CPU.ActiveCfg = Debug|Any CPU
		{99b115af-dff2-bc28-fa80-1c16b3214c86}.Debug|Any CPU.Build.0 = Debug|Any CPU
		{7350273d-361b-5680-bbe3-b0cee6e97ea5}.Debug|Any CPU.ActiveCfg = Debug|Any CPU
		{7350273d-361b-5680-bbe3-b0cee6e97ea5}.Debug|Any CPU.Build.0 = Debug|Any CPU
		{d93b8fc8-915d-03f2-8f28-fdae4eaf1bf5}.Debug|Any CPU.ActiveCfg = Debug|Any CPU
		{d93b8fc8-915d-03f2-8f28-fdae4eaf1bf5}.Debug|Any CPU.Build.0 = Debug|Any CPU
		{62cc1ba6-647a-6dca-b2f5-aa61561b4eef}.Debug|Any CPU.ActiveCfg = Debug|Any CPU
		{62cc1ba6-647a-6dca-b2f5-aa61561b4eef}.Debug|Any CPU.Build.0 = Debug|Any CPU
		{573146c1-65ec-faa8-7a98-6dd523b261b0}.Debug|Any CPU.ActiveCfg = Debug|Any CPU
		{573146c1-65ec-faa8-7a98-6dd523b261b0}.Debug|Any CPU.Build.0 = Debug|Any CPU
		{381eb010-ef72-fd75-d326-f03be77f1148}.Debug|Any CPU.ActiveCfg = Debug|Any CPU
		{381eb010-ef72-fd75-d326-f03be77f1148}.Debug|Any CPU.Build.0 = Debug|Any CPU
		{b1bee538-e7ba-e585-d930-a062a788768a}.Debug|Any CPU.ActiveCfg = Debug|Any CPU
		{b1bee538-e7ba-e585-d930-a062a788768a}.Debug|Any CPU.Build.0 = Debug|Any CPU
		{082d10f1-65d9-1923-b821-a1b0b687e164}.Debug|Any CPU.ActiveCfg = Debug|Any CPU
		{082d10f1-65d9-1923-b821-a1b0b687e164}.Debug|Any CPU.Build.0 = Debug|Any CPU
		{196bbd8a-00e7-a50f-a64f-14ffd51f9c17}.Debug|Any CPU.ActiveCfg = Debug|Any CPU
		{196bbd8a-00e7-a50f-a64f-14ffd51f9c17}.Debug|Any CPU.Build.0 = Debug|Any CPU
		{07f63815-d55b-d225-e98f-a2ca25cca293}.Debug|Any CPU.ActiveCfg = Debug|Any CPU
		{07f63815-d55b-d225-e98f-a2ca25cca293}.Debug|Any CPU.Build.0 = Debug|Any CPU
		{bf95c013-d46a-429e-ff6a-d09f72e4362f}.Debug|Any CPU.ActiveCfg = Debug|Any CPU
		{bf95c013-d46a-429e-ff6a-d09f72e4362f}.Debug|Any CPU.Build.0 = Debug|Any CPU
		{0d969c18-c6eb-2fa7-eb51-4ed39cf1e676}.Debug|Any CPU.ActiveCfg = Debug|Any CPU
		{0d969c18-c6eb-2fa7-eb51-4ed39cf1e676}.Debug|Any CPU.Build.0 = Debug|Any CPU
		{5d2890bb-fb99-bf26-9b56-2b65114d419c}.Debug|Any CPU.ActiveCfg = Debug|Any CPU
		{5d2890bb-fb99-bf26-9b56-2b65114d419c}.Debug|Any CPU.Build.0 = Debug|Any CPU
		{e21f7137-da3c-86be-678d-4fbc172bfd83}.Debug|Any CPU.ActiveCfg = Debug|Any CPU
		{e21f7137-da3c-86be-678d-4fbc172bfd83}.Debug|Any CPU.Build.0 = Debug|Any CPU
	EndGlobalSection
	GlobalSection(SolutionProperties) = preSolution
		HideSolutionNode = FALSE
	EndGlobalSection
EndGlobal
